Microsoft Visual Studio Solution File, Format Version 11.00
# Visual Studio 2008

Project("{2E1784E7-16FD-2801-DFB4-E3A030240E3C}") = "GenGame", "Assembly-CSharp.csproj", "{B06FEE09-98BA-D50A-AD0B-1EE791D55820}"
EndProject
Global
	GlobalSection(SolutionConfigurationPlatforms) = preSolution
		Debug|Any CPU = Debug|Any CPU
		Release|Any CPU = Release|Any CPU
	EndGlobalSection
	GlobalSection(ProjectConfigurationPlatforms) = postSolution
		{B06FEE09-98BA-D50A-AD0B-1EE791D55820}.Debug|Any CPU.ActiveCfg = Debug|Any CPU
		{B06FEE09-98BA-D50A-AD0B-1EE791D55820}.Debug|Any CPU.Build.0 = Debug|Any CPU
		{B06FEE09-98BA-D50A-AD0B-1EE791D55820}.Release|Any CPU.ActiveCfg = Release|Any CPU
		{B06FEE09-98BA-D50A-AD0B-1EE791D55820}.Release|Any CPU.Build.0 = Release|Any CPU
	EndGlobalSection
	GlobalSection(SolutionProperties) = preSolution
		HideSolutionNode = FALSE
	EndGlobalSection
	GlobalSection(MonoDevelopProperties) = preSolution
		StartupItem = Assembly-CSharp.csproj
	EndGlobalSection
EndGlobal
